
Microsoft Visual Studio Solution File, Format Version 12.00
Project("{FAE04EC0-301F-11D3-BF4B-00C04F79EFBC}") = "HaackHub.Lib", "HaackHub.Lib\HaackHub.Lib.csproj", "{29EB6E96-1004-4791-AB5A-E216ADC77FC2}"
EndProject
Project("{FAE04EC0-301F-11D3-BF4B-00C04F79EFBC}") = "HaackHub.Tests", "HaackHub.Tests\HaackHub.Tests.csproj", "{08A9E9E6-BDB9-4B10-8709-729F2419708B}"
EndProject
Global
	GlobalSection(SolutionConfigurationPlatforms) = preSolution
		Debug|Any CPU = Debug|Any CPU
		Release|Any CPU = Release|Any CPU
	EndGlobalSection
	GlobalSection(ProjectConfigurationPlatforms) = postSolution
		{29EB6E96-1004-4791-AB5A-E216ADC77FC2}.Debug|Any CPU.ActiveCfg = Debug|Any CPU
		{29EB6E96-1004-4791-AB5A-E216ADC77FC2}.Debug|Any CPU.Build.0 = Debug|Any CPU
		{29EB6E96-1004-4791-AB5A-E216ADC77FC2}.Release|Any CPU.ActiveCfg = Release|Any CPU
		{29EB6E96-1004-4791-AB5A-E216ADC77FC2}.Release|Any CPU.Build.0 = Release|Any CPU
		{08A9E9E6-BDB9-4B10-8709-729F2419708B}.Debug|Any CPU.ActiveCfg = Debug|Any CPU
		{08A9E9E6-BDB9-4B10-8709-729F2419708B}.Debug|Any CPU.Build.0 = Debug|Any CPU
		{08A9E9E6-BDB9-4B10-8709-729F2419708B}.Release|Any CPU.ActiveCfg = Release|Any CPU
		{08A9E9E6-BDB9-4B10-8709-729F2419708B}.Release|Any CPU.Build.0 = Release|Any CPU
	EndGlobalSection
EndGlobal
